
Microsoft Visual Studio Solution File, Format Version 12.00
# Visual Studio Version 17
VisualStudioVersion = 17.1.32228.430
MinimumVisualStudioVersion = 10.0.40219.1
Project("{8BC9CEB8-8B4A-11D0-8D11-00A0C91BC942}") = "bscs19072_bgi", "bgi.vcxproj", "{B0A1AF87-F642-456A-9C64-9C7ABBDF9EC1}"
EndProject
Global
	GlobalSection(SolutionConfigurationPlatforms) = preSolution
		Debug|Win32 = Debug|Win32
		Release|Win32 = Release|Win32
	EndGlobalSection
	GlobalSection(ProjectConfigurationPlatforms) = postSolution
		{B0A1AF87-F642-456A-9C64-9C7ABBDF9EC1}.Debug|Win32.ActiveCfg = Debug|Win32
		{B0A1AF87-F642-456A-9C64-9C7ABBDF9EC1}.Debug|Win32.Build.0 = Debug|Win32
		{B0A1AF87-F642-456A-9C64-9C7ABBDF9EC1}.Release|Win32.ActiveCfg = Release|Win32
		{B0A1AF87-F642-456A-9C64-9C7ABBDF9EC1}.Release|Win32.Build.0 = Release|Win32
	EndGlobalSection
	GlobalSection(SolutionProperties) = preSolution
		HideSolutionNode = FALSE
	EndGlobalSection
	GlobalSection(ExtensibilityGlobals) = postSolution
		SolutionGuid = {E3F6E38E-904F-4092-806E-F7AC08824CBC}
	EndGlobalSection
EndGlobal
